// !$*UTF8*$!
{
	archiveVersion = 1;
	classes = {
	};
	objectVersion = 56;
	objects = {

/* Begin PBXBuildFile section */
		83025D842C83CD78001065DC /* TagNavigation.swift in Sources */ = {isa = PBXBuildFile; fileRef = 83025D832C83CD78001065DC /* TagNavigation.swift */; };
		8374C84F2C939E7100B9B22C /* TagListItem.swift in Sources */ = {isa = PBXBuildFile; fileRef = 8374C84E2C939E7100B9B22C /* TagListItem.swift */; };
		8374C8512C939F6500B9B22C /* TagResults.swift in Sources */ = {isa = PBXBuildFile; fileRef = 8374C8502C939F6500B9B22C /* TagResults.swift */; };
		8374C8572C93AF5600B9B22C /* Cat.jpg in Resources */ = {isa = PBXBuildFile; fileRef = 8374C8562C93AF5600B9B22C /* Cat.jpg */; };
		8374C85A2C95F59500B9B22C /* BackButton.swift in Sources */ = {isa = PBXBuildFile; fileRef = 8374C8592C95F59500B9B22C /* BackButton.swift */; };
		8377B37F2C81014800B733BA /* mediabaseApp.swift in Sources */ = {isa = PBXBuildFile; fileRef = 8377B37E2C81014800B733BA /* mediabaseApp.swift */; };
		8377B3812C81014800B733BA /* MediaGrid.swift in Sources */ = {isa = PBXBuildFile; fileRef = 8377B3802C81014800B733BA /* MediaGrid.swift */; };
		8377B3832C81014900B733BA /* Assets.xcassets in Resources */ = {isa = PBXBuildFile; fileRef = 8377B3822C81014900B733BA /* Assets.xcassets */; };
		8377B3862C81014900B733BA /* Preview Assets.xcassets in Resources */ = {isa = PBXBuildFile; fileRef = 8377B3852C81014900B733BA /* Preview Assets.xcassets */; };
		8377B38E2C8102B000B733BA /* QGrid in Frameworks */ = {isa = PBXBuildFile; productRef = 8377B38D2C8102B000B733BA /* QGrid */; };
		8377B3922C8104F000B733BA /* Media.swift in Sources */ = {isa = PBXBuildFile; fileRef = 8377B3912C8104F000B733BA /* Media.swift */; };
		8377B3972C81057900B733BA /* UIImage.swift in Sources */ = {isa = PBXBuildFile; fileRef = 8377B3962C81057900B733BA /* UIImage.swift */; };
		8377B39C2C810AED00B733BA /* MediaNavigation.swift in Sources */ = {isa = PBXBuildFile; fileRef = 8377B39B2C810AED00B733BA /* MediaNavigation.swift */; };
		8377B39E2C810B9500B733BA /* MediaDetail.swift in Sources */ = {isa = PBXBuildFile; fileRef = 8377B39D2C810B9500B733BA /* MediaDetail.swift */; };
		8377B3A12C810E3E00B733BA /* Networking.swift in Sources */ = {isa = PBXBuildFile; fileRef = 8377B3A02C810E3E00B733BA /* Networking.swift */; };
		8377B3A52C82658E00B733BA /* MediaGridCell.swift in Sources */ = {isa = PBXBuildFile; fileRef = 8377B3A42C82658E00B733BA /* MediaGridCell.swift */; };
		8377B3A72C826CD000B733BA /* EmptyMediaGrid.swift in Sources */ = {isa = PBXBuildFile; fileRef = 8377B3A62C826CD000B733BA /* EmptyMediaGrid.swift */; };
		8377B3AB2C8271CA00B733BA /* MockStorage.swift in Sources */ = {isa = PBXBuildFile; fileRef = 8377B3AA2C8271CA00B733BA /* MockStorage.swift */; };
		8377B3AD2C827D6100B733BA /* MediaRoot.swift in Sources */ = {isa = PBXBuildFile; fileRef = 8377B3AC2C827D6100B733BA /* MediaRoot.swift */; };
		8377B3AF2C827F6500B733BA /* Tag.swift in Sources */ = {isa = PBXBuildFile; fileRef = 8377B3AE2C827F6500B733BA /* Tag.swift */; };
		8377B3B12C827FD100B733BA /* TagList.swift in Sources */ = {isa = PBXBuildFile; fileRef = 8377B3B02C827FD100B733BA /* TagList.swift */; };
		8377B3B32C8281DE00B733BA /* EmptyTagsList.swift in Sources */ = {isa = PBXBuildFile; fileRef = 8377B3B22C8281DE00B733BA /* EmptyTagsList.swift */; };
		838C81072C8A698E00F1C1F9 /* NIKEA.otf in Resources */ = {isa = PBXBuildFile; fileRef = 838C81052C8A685300F1C1F9 /* NIKEA.otf */; };
		838C81092C8A69CE00F1C1F9 /* Fonts.swift in Sources */ = {isa = PBXBuildFile; fileRef = 838C81082C8A69CE00F1C1F9 /* Fonts.swift */; };
		838C810E2C8A7E9A00F1C1F9 /* Colors.swift in Sources */ = {isa = PBXBuildFile; fileRef = 838C810D2C8A7E9A00F1C1F9 /* Colors.swift */; };
		838C81102C90FBAC00F1C1F9 /* DataStorage.swift in Sources */ = {isa = PBXBuildFile; fileRef = 838C810F2C90FBAC00F1C1F9 /* DataStorage.swift */; };
		838C81142C912F6A00F1C1F9 /* Gradients.swift in Sources */ = {isa = PBXBuildFile; fileRef = 838C81132C912F6A00F1C1F9 /* Gradients.swift */; };
/* End PBXBuildFile section */

/* Begin PBXFileReference section */
		83025D832C83CD78001065DC /* TagNavigation.swift */ = {isa = PBXFileReference; lastKnownFileType = sourcecode.swift; path = TagNavigation.swift; sourceTree = "<group>"; };
		8374C84E2C939E7100B9B22C /* TagListItem.swift */ = {isa = PBXFileReference; lastKnownFileType = sourcecode.swift; path = TagListItem.swift; sourceTree = "<group>"; };
		8374C8502C939F6500B9B22C /* TagResults.swift */ = {isa = PBXFileReference; lastKnownFileType = sourcecode.swift; path = TagResults.swift; sourceTree = "<group>"; };
		8374C8562C93AF5600B9B22C /* Cat.jpg */ = {isa = PBXFileReference; lastKnownFileType = image.jpeg; path = Cat.jpg; sourceTree = "<group>"; };
		8374C8592C95F59500B9B22C /* BackButton.swift */ = {isa = PBXFileReference; lastKnownFileType = sourcecode.swift; path = BackButton.swift; sourceTree = "<group>"; };
		8377B37B2C81014800B733BA /* mediabase.app */ = {isa = PBXFileReference; explicitFileType = wrapper.application; includeInIndex = 0; path = mediabase.app; sourceTree = BUILT_PRODUCTS_DIR; };
		8377B37E2C81014800B733BA /* mediabaseApp.swift */ = {isa = PBXFileReference; lastKnownFileType = sourcecode.swift; path = mediabaseApp.swift; sourceTree = "<group>"; };
		8377B3802C81014800B733BA /* MediaGrid.swift */ = {isa = PBXFileReference; lastKnownFileType = sourcecode.swift; path = MediaGrid.swift; sourceTree = "<group>"; };
		8377B3822C81014900B733BA /* Assets.xcassets */ = {isa = PBXFileReference; lastKnownFileType = folder.assetcatalog; path = Assets.xcassets; sourceTree = "<group>"; };
		8377B3852C81014900B733BA /* Preview Assets.xcassets */ = {isa = PBXFileReference; lastKnownFileType = folder.assetcatalog; path = "Preview Assets.xcassets"; sourceTree = "<group>"; };
		8377B3912C8104F000B733BA /* Media.swift */ = {isa = PBXFileReference; lastKnownFileType = sourcecode.swift; path = Media.swift; sourceTree = "<group>"; };
		8377B3962C81057900B733BA /* UIImage.swift */ = {isa = PBXFileReference; lastKnownFileType = sourcecode.swift; path = UIImage.swift; sourceTree = "<group>"; };
		8377B39B2C810AED00B733BA /* MediaNavigation.swift */ = {isa = PBXFileReference; lastKnownFileType = sourcecode.swift; path = MediaNavigation.swift; sourceTree = "<group>"; };
		8377B39D2C810B9500B733BA /* MediaDetail.swift */ = {isa = PBXFileReference; lastKnownFileType = sourcecode.swift; path = MediaDetail.swift; sourceTree = "<group>"; };
		8377B3A02C810E3E00B733BA /* Networking.swift */ = {isa = PBXFileReference; lastKnownFileType = sourcecode.swift; path = Networking.swift; sourceTree = "<group>"; };
		8377B3A42C82658E00B733BA /* MediaGridCell.swift */ = {isa = PBXFileReference; lastKnownFileType = sourcecode.swift; path = MediaGridCell.swift; sourceTree = "<group>"; };
		8377B3A62C826CD000B733BA /* EmptyMediaGrid.swift */ = {isa = PBXFileReference; lastKnownFileType = sourcecode.swift; path = EmptyMediaGrid.swift; sourceTree = "<group>"; };
		8377B3AA2C8271CA00B733BA /* MockStorage.swift */ = {isa = PBXFileReference; lastKnownFileType = sourcecode.swift; path = MockStorage.swift; sourceTree = "<group>"; };
		8377B3AC2C827D6100B733BA /* MediaRoot.swift */ = {isa = PBXFileReference; lastKnownFileType = sourcecode.swift; path = MediaRoot.swift; sourceTree = "<group>"; };
		8377B3AE2C827F6500B733BA /* Tag.swift */ = {isa = PBXFileReference; lastKnownFileType = sourcecode.swift; path = Tag.swift; sourceTree = "<group>"; };
		8377B3B02C827FD100B733BA /* TagList.swift */ = {isa = PBXFileReference; lastKnownFileType = sourcecode.swift; path = TagList.swift; sourceTree = "<group>"; };
		8377B3B22C8281DE00B733BA /* EmptyTagsList.swift */ = {isa = PBXFileReference; lastKnownFileType = sourcecode.swift; path = EmptyTagsList.swift; sourceTree = "<group>"; };
		838C81052C8A685300F1C1F9 /* NIKEA.otf */ = {isa = PBXFileReference; lastKnownFileType = file; path = NIKEA.otf; sourceTree = "<group>"; };
		838C81062C8A691700F1C1F9 /* Info.plist */ = {isa = PBXFileReference; lastKnownFileType = text.plist; path = Info.plist; sourceTree = "<group>"; };
		838C81082C8A69CE00F1C1F9 /* Fonts.swift */ = {isa = PBXFileReference; lastKnownFileType = sourcecode.swift; path = Fonts.swift; sourceTree = "<group>"; };
		838C810A2C8A70D000F1C1F9 /* CREDITS.md */ = {isa = PBXFileReference; lastKnownFileType = net.daringfireball.markdown; path = CREDITS.md; sourceTree = "<group>"; };
		838C810D2C8A7E9A00F1C1F9 /* Colors.swift */ = {isa = PBXFileReference; lastKnownFileType = sourcecode.swift; path = Colors.swift; sourceTree = "<group>"; };
		838C810F2C90FBAC00F1C1F9 /* DataStorage.swift */ = {isa = PBXFileReference; lastKnownFileType = sourcecode.swift; path = DataStorage.swift; sourceTree = "<group>"; };
		838C81132C912F6A00F1C1F9 /* Gradients.swift */ = {isa = PBXFileReference; lastKnownFileType = sourcecode.swift; path = Gradients.swift; sourceTree = "<group>"; };
/* End PBXFileReference section */

/* Begin PBXFrameworksBuildPhase section */
		8377B3782C81014800B733BA /* Frameworks */ = {
			isa = PBXFrameworksBuildPhase;
			buildActionMask = 2147483647;
			files = (
				8377B38E2C8102B000B733BA /* QGrid in Frameworks */,
			);
			runOnlyForDeploymentPostprocessing = 0;
		};
/* End PBXFrameworksBuildPhase section */

/* Begin PBXGroup section */
		8374C8522C93AE8000B9B22C /* Resources */ = {
			isa = PBXGroup;
			children = (
				8374C8532C93AE8D00B9B22C /* Mocks */,
				838C81042C8A684000F1C1F9 /* Fonts */,
			);
			path = Resources;
			sourceTree = "<group>";
		};
		8374C8532C93AE8D00B9B22C /* Mocks */ = {
			isa = PBXGroup;
			children = (
				8374C8562C93AF5600B9B22C /* Cat.jpg */,
			);
			path = Mocks;
			sourceTree = "<group>";
		};
		8374C8582C95F58C00B9B22C /* Other */ = {
			isa = PBXGroup;
			children = (
				8374C8592C95F59500B9B22C /* BackButton.swift */,
			);
			path = Other;
			sourceTree = "<group>";
		};
		8377B3722C81014800B733BA = {
			isa = PBXGroup;
			children = (
				8377B37D2C81014800B733BA /* mediabase */,
				8377B37C2C81014800B733BA /* Products */,
			);
			sourceTree = "<group>";
		};
		8377B37C2C81014800B733BA /* Products */ = {
			isa = PBXGroup;
			children = (
				8377B37B2C81014800B733BA /* mediabase.app */,
			);
			name = Products;
			sourceTree = "<group>";
		};
		8377B37D2C81014800B733BA /* mediabase */ = {
			isa = PBXGroup;
			children = (
				838C81062C8A691700F1C1F9 /* Info.plist */,
				8377B39A2C810A1A00B733BA /* Models */,
				8377B39F2C810D5600B733BA /* Data */,
				8377B3952C81056C00B733BA /* Extensions */,
				8377B3B42C8282A800B733BA /* Media */,
				8377B3B52C8282BB00B733BA /* Tags */,
				8377B3AC2C827D6100B733BA /* MediaRoot.swift */,
				8374C8582C95F58C00B9B22C /* Other */,
				8374C8522C93AE8000B9B22C /* Resources */,
				8377B37E2C81014800B733BA /* mediabaseApp.swift */,
				838C810A2C8A70D000F1C1F9 /* CREDITS.md */,
				8377B3822C81014900B733BA /* Assets.xcassets */,
				8377B3842C81014900B733BA /* Preview Content */,
			);
			path = mediabase;
			sourceTree = "<group>";
		};
		8377B3842C81014900B733BA /* Preview Content */ = {
			isa = PBXGroup;
			children = (
				8377B3852C81014900B733BA /* Preview Assets.xcassets */,
			);
			path = "Preview Content";
			sourceTree = "<group>";
		};
		8377B3952C81056C00B733BA /* Extensions */ = {
			isa = PBXGroup;
			children = (
				8377B3962C81057900B733BA /* UIImage.swift */,
				838C81082C8A69CE00F1C1F9 /* Fonts.swift */,
				838C810D2C8A7E9A00F1C1F9 /* Colors.swift */,
			);
			path = Extensions;
			sourceTree = "<group>";
		};
		8377B39A2C810A1A00B733BA /* Models */ = {
			isa = PBXGroup;
			children = (
				8377B3912C8104F000B733BA /* Media.swift */,
				8377B3AE2C827F6500B733BA /* Tag.swift */,
			);
			path = Models;
			sourceTree = "<group>";
		};
		8377B39F2C810D5600B733BA /* Data */ = {
			isa = PBXGroup;
			children = (
				8377B3A02C810E3E00B733BA /* Networking.swift */,
				838C810F2C90FBAC00F1C1F9 /* DataStorage.swift */,
				8377B3AA2C8271CA00B733BA /* MockStorage.swift */,
			);
			path = Data;
			sourceTree = "<group>";
		};
		8377B3B42C8282A800B733BA /* Media */ = {
			isa = PBXGroup;
			children = (
				8377B39B2C810AED00B733BA /* MediaNavigation.swift */,
				8377B3802C81014800B733BA /* MediaGrid.swift */,
				838C81132C912F6A00F1C1F9 /* Gradients.swift */,
				8377B3A42C82658E00B733BA /* MediaGridCell.swift */,
				8377B3A62C826CD000B733BA /* EmptyMediaGrid.swift */,
				8377B39D2C810B9500B733BA /* MediaDetail.swift */,
			);
			path = Media;
			sourceTree = "<group>";
		};
		8377B3B52C8282BB00B733BA /* Tags */ = {
			isa = PBXGroup;
			children = (
				83025D832C83CD78001065DC /* TagNavigation.swift */,
				8377B3B02C827FD100B733BA /* TagList.swift */,
				8374C8502C939F6500B9B22C /* TagResults.swift */,
				8374C84E2C939E7100B9B22C /* TagListItem.swift */,
				8377B3B22C8281DE00B733BA /* EmptyTagsList.swift */,
			);
			path = Tags;
			sourceTree = "<group>";
		};
		838C81042C8A684000F1C1F9 /* Fonts */ = {
			isa = PBXGroup;
			children = (
				838C81052C8A685300F1C1F9 /* NIKEA.otf */,
			);
			path = Fonts;
			sourceTree = "<group>";
		};
/* End PBXGroup section */

/* Begin PBXNativeTarget section */
		8377B37A2C81014800B733BA /* mediabase */ = {
			isa = PBXNativeTarget;
			buildConfigurationList = 8377B3892C81014900B733BA /* Build configuration list for PBXNativeTarget "mediabase" */;
			buildPhases = (
				8377B3772C81014800B733BA /* Sources */,
				8377B3782C81014800B733BA /* Frameworks */,
				8377B3792C81014800B733BA /* Resources */,
			);
			buildRules = (
			);
			dependencies = (
			);
			name = mediabase;
			packageProductDependencies = (
				8377B38D2C8102B000B733BA /* QGrid */,
			);
			productName = mediabase;
			productReference = 8377B37B2C81014800B733BA /* mediabase.app */;
			productType = "com.apple.product-type.application";
		};
/* End PBXNativeTarget section */

/* Begin PBXProject section */
		8377B3732C81014800B733BA /* Project object */ = {
			isa = PBXProject;
			attributes = {
				BuildIndependentTargetsInParallel = 1;
				LastSwiftUpdateCheck = 1530;
				LastUpgradeCheck = 1530;
				TargetAttributes = {
					8377B37A2C81014800B733BA = {
						CreatedOnToolsVersion = 15.3;
					};
				};
			};
			buildConfigurationList = 8377B3762C81014800B733BA /* Build configuration list for PBXProject "mediabase" */;
			compatibilityVersion = "Xcode 14.0";
			developmentRegion = en;
			hasScannedForEncodings = 0;
			knownRegions = (
				en,
				Base,
			);
			mainGroup = 8377B3722C81014800B733BA;
			packageReferences = (
				8377B38C2C8102B000B733BA /* XCRemoteSwiftPackageReference "QGrid" */,
			);
			productRefGroup = 8377B37C2C81014800B733BA /* Products */;
			projectDirPath = "";
			projectRoot = "";
			targets = (
				8377B37A2C81014800B733BA /* mediabase */,
			);
		};
/* End PBXProject section */

/* Begin PBXResourcesBuildPhase section */
		8377B3792C81014800B733BA /* Resources */ = {
			isa = PBXResourcesBuildPhase;
			buildActionMask = 2147483647;
			files = (
				8377B3862C81014900B733BA /* Preview Assets.xcassets in Resources */,
				8377B3832C81014900B733BA /* Assets.xcassets in Resources */,
				8374C8572C93AF5600B9B22C /* Cat.jpg in Resources */,
				838C81072C8A698E00F1C1F9 /* NIKEA.otf in Resources */,
			);
			runOnlyForDeploymentPostprocessing = 0;
		};
/* End PBXResourcesBuildPhase section */

/* Begin PBXSourcesBuildPhase section */
		8377B3772C81014800B733BA /* Sources */ = {
			isa = PBXSourcesBuildPhase;
			buildActionMask = 2147483647;
			files = (
				8377B3AF2C827F6500B733BA /* Tag.swift in Sources */,
				8377B3B12C827FD100B733BA /* TagList.swift in Sources */,
				8374C85A2C95F59500B9B22C /* BackButton.swift in Sources */,
				8377B3812C81014800B733BA /* MediaGrid.swift in Sources */,
				83025D842C83CD78001065DC /* TagNavigation.swift in Sources */,
				8374C84F2C939E7100B9B22C /* TagListItem.swift in Sources */,
				838C810E2C8A7E9A00F1C1F9 /* Colors.swift in Sources */,
				8374C8512C939F6500B9B22C /* TagResults.swift in Sources */,
				838C81102C90FBAC00F1C1F9 /* DataStorage.swift in Sources */,
				8377B3AB2C8271CA00B733BA /* MockStorage.swift in Sources */,
				8377B3B32C8281DE00B733BA /* EmptyTagsList.swift in Sources */,
				8377B3AD2C827D6100B733BA /* MediaRoot.swift in Sources */,
				8377B3A72C826CD000B733BA /* EmptyMediaGrid.swift in Sources */,
				838C81142C912F6A00F1C1F9 /* Gradients.swift in Sources */,
				8377B3972C81057900B733BA /* UIImage.swift in Sources */,
				8377B39C2C810AED00B733BA /* MediaNavigation.swift in Sources */,
				8377B3A12C810E3E00B733BA /* Networking.swift in Sources */,
				8377B3A52C82658E00B733BA /* MediaGridCell.swift in Sources */,
				838C81092C8A69CE00F1C1F9 /* Fonts.swift in Sources */,
				8377B39E2C810B9500B733BA /* MediaDetail.swift in Sources */,
				8377B37F2C81014800B733BA /* mediabaseApp.swift in Sources */,
				8377B3922C8104F000B733BA /* Media.swift in Sources */,
			);
			runOnlyForDeploymentPostprocessing = 0;
		};
/* End PBXSourcesBuildPhase section */

/* Begin XCBuildConfiguration section */
		8377B3872C81014900B733BA /* Debug */ = {
			isa = XCBuildConfiguration;
			buildSettings = {
				ALWAYS_SEARCH_USER_PATHS = NO;
				ASSETCATALOG_COMPILER_GENERATE_SWIFT_ASSET_SYMBOL_EXTENSIONS = YES;
				CLANG_ANALYZER_NONNULL = YES;
				CLANG_ANALYZER_NUMBER_OBJECT_CONVERSION = YES_AGGRESSIVE;
				CLANG_CXX_LANGUAGE_STANDARD = "gnu++20";
				CLANG_ENABLE_MODULES = YES;
				CLANG_ENABLE_OBJC_ARC = YES;
				CLANG_ENABLE_OBJC_WEAK = YES;
				CLANG_WARN_BLOCK_CAPTURE_AUTORELEASING = YES;
				CLANG_WARN_BOOL_CONVERSION = YES;
				CLANG_WARN_COMMA = YES;
				CLANG_WARN_CONSTANT_CONVERSION = YES;
				CLANG_WARN_DEPRECATED_OBJC_IMPLEMENTATIONS = YES;
				CLANG_WARN_DIRECT_OBJC_ISA_USAGE = YES_ERROR;
				CLANG_WARN_DOCUMENTATION_COMMENTS = YES;
				CLANG_WARN_EMPTY_BODY = YES;
				CLANG_WARN_ENUM_CONVERSION = YES;
				CLANG_WARN_INFINITE_RECURSION = YES;
				CLANG_WARN_INT_CONVERSION = YES;
				CLANG_WARN_NON_LITERAL_NULL_CONVERSION = YES;
				CLANG_WARN_OBJC_IMPLICIT_RETAIN_SELF = YES;
				CLANG_WARN_OBJC_LITERAL_CONVERSION = YES;
				CLANG_WARN_OBJC_ROOT_CLASS = YES_ERROR;
				CLANG_WARN_QUOTED_INCLUDE_IN_FRAMEWORK_HEADER = YES;
				CLANG_WARN_RANGE_LOOP_ANALYSIS = YES;
				CLANG_WARN_STRICT_PROTOTYPES = YES;
				CLANG_WARN_SUSPICIOUS_MOVE = YES;
				CLANG_WARN_UNGUARDED_AVAILABILITY = YES_AGGRESSIVE;
				CLANG_WARN_UNREACHABLE_CODE = YES;
				CLANG_WARN__DUPLICATE_METHOD_MATCH = YES;
				COPY_PHASE_STRIP = NO;
				DEBUG_INFORMATION_FORMAT = dwarf;
				ENABLE_STRICT_OBJC_MSGSEND = YES;
				ENABLE_TESTABILITY = YES;
				ENABLE_USER_SCRIPT_SANDBOXING = YES;
				GCC_C_LANGUAGE_STANDARD = gnu17;
				GCC_DYNAMIC_NO_PIC = NO;
				GCC_NO_COMMON_BLOCKS = YES;
				GCC_OPTIMIZATION_LEVEL = 0;
				GCC_PREPROCESSOR_DEFINITIONS = (
					"DEBUG=1",
					"$(inherited)",
				);
				GCC_WARN_64_TO_32_BIT_CONVERSION = YES;
				GCC_WARN_ABOUT_RETURN_TYPE = YES_ERROR;
				GCC_WARN_UNDECLARED_SELECTOR = YES;
				GCC_WARN_UNINITIALIZED_AUTOS = YES_AGGRESSIVE;
				GCC_WARN_UNUSED_FUNCTION = YES;
				GCC_WARN_UNUSED_VARIABLE = YES;
				IPHONEOS_DEPLOYMENT_TARGET = 17.4;
				LOCALIZATION_PREFERS_STRING_CATALOGS = YES;
				MTL_ENABLE_DEBUG_INFO = INCLUDE_SOURCE;
				MTL_FAST_MATH = YES;
				ONLY_ACTIVE_ARCH = YES;
				SDKROOT = iphoneos;
				SWIFT_ACTIVE_COMPILATION_CONDITIONS = "DEBUG $(inherited)";
				SWIFT_OPTIMIZATION_LEVEL = "-Onone";
			};
			name = Debug;
		};
		8377B3882C81014900B733BA /* Release */ = {
			isa = XCBuildConfiguration;
			buildSettings = {
				ALWAYS_SEARCH_USER_PATHS = NO;
				ASSETCATALOG_COMPILER_GENERATE_SWIFT_ASSET_SYMBOL_EXTENSIONS = YES;
				CLANG_ANALYZER_NONNULL = YES;
				CLANG_ANALYZER_NUMBER_OBJECT_CONVERSION = YES_AGGRESSIVE;
				CLANG_CXX_LANGUAGE_STANDARD = "gnu++20";
				CLANG_ENABLE_MODULES = YES;
				CLANG_ENABLE_OBJC_ARC = YES;
				CLANG_ENABLE_OBJC_WEAK = YES;
				CLANG_WARN_BLOCK_CAPTURE_AUTORELEASING = YES;
				CLANG_WARN_BOOL_CONVERSION = YES;
				CLANG_WARN_COMMA = YES;
				CLANG_WARN_CONSTANT_CONVERSION = YES;
				CLANG_WARN_DEPRECATED_OBJC_IMPLEMENTATIONS = YES;
				CLANG_WARN_DIRECT_OBJC_ISA_USAGE = YES_ERROR;
				CLANG_WARN_DOCUMENTATION_COMMENTS = YES;
				CLANG_WARN_EMPTY_BODY = YES;
				CLANG_WARN_ENUM_CONVERSION = YES;
				CLANG_WARN_INFINITE_RECURSION = YES;
				CLANG_WARN_INT_CONVERSION = YES;
				CLANG_WARN_NON_LITERAL_NULL_CONVERSION = YES;
				CLANG_WARN_OBJC_IMPLICIT_RETAIN_SELF = YES;
				CLANG_WARN_OBJC_LITERAL_CONVERSION = YES;
				CLANG_WARN_OBJC_ROOT_CLASS = YES_ERROR;
				CLANG_WARN_QUOTED_INCLUDE_IN_FRAMEWORK_HEADER = YES;
				CLANG_WARN_RANGE_LOOP_ANALYSIS = YES;
				CLANG_WARN_STRICT_PROTOTYPES = YES;
				CLANG_WARN_SUSPICIOUS_MOVE = YES;
				CLANG_WARN_UNGUARDED_AVAILABILITY = YES_AGGRESSIVE;
				CLANG_WARN_UNREACHABLE_CODE = YES;
				CLANG_WARN__DUPLICATE_METHOD_MATCH = YES;
				COPY_PHASE_STRIP = NO;
				DEBUG_INFORMATION_FORMAT = "dwarf-with-dsym";
				ENABLE_NS_ASSERTIONS = NO;
				ENABLE_STRICT_OBJC_MSGSEND = YES;
				ENABLE_USER_SCRIPT_SANDBOXING = YES;
				GCC_C_LANGUAGE_STANDARD = gnu17;
				GCC_NO_COMMON_BLOCKS = YES;
				GCC_WARN_64_TO_32_BIT_CONVERSION = YES;
				GCC_WARN_ABOUT_RETURN_TYPE = YES_ERROR;
				GCC_WARN_UNDECLARED_SELECTOR = YES;
				GCC_WARN_UNINITIALIZED_AUTOS = YES_AGGRESSIVE;
				GCC_WARN_UNUSED_FUNCTION = YES;
				GCC_WARN_UNUSED_VARIABLE = YES;
				IPHONEOS_DEPLOYMENT_TARGET = 17.4;
				LOCALIZATION_PREFERS_STRING_CATALOGS = YES;
				MTL_ENABLE_DEBUG_INFO = NO;
				MTL_FAST_MATH = YES;
				SDKROOT = iphoneos;
				SWIFT_COMPILATION_MODE = wholemodule;
				VALIDATE_PRODUCT = YES;
			};
			name = Release;
		};
		8377B38A2C81014900B733BA /* Debug */ = {
			isa = XCBuildConfiguration;
			buildSettings = {
				ASSETCATALOG_COMPILER_APPICON_NAME = AppIcon;
				ASSETCATALOG_COMPILER_GLOBAL_ACCENT_COLOR_NAME = AccentColor;
				CODE_SIGN_STYLE = Automatic;
				CURRENT_PROJECT_VERSION = 1;
				DEVELOPMENT_ASSET_PATHS = "\"mediabase/Preview Content\"";
				DEVELOPMENT_TEAM = XMMLGH5VMA;
				ENABLE_PREVIEWS = YES;
				GENERATE_INFOPLIST_FILE = YES;
				INFOPLIST_FILE = mediabase/Info.plist;
				INFOPLIST_KEY_UIApplicationSceneManifest_Generation = YES;
				INFOPLIST_KEY_UIApplicationSupportsIndirectInputEvents = YES;
				INFOPLIST_KEY_UILaunchScreen_Generation = YES;
				INFOPLIST_KEY_UISupportedInterfaceOrientations_iPad = "UIInterfaceOrientationPortrait UIInterfaceOrientationPortraitUpsideDown UIInterfaceOrientationLandscapeLeft UIInterfaceOrientationLandscapeRight";
				INFOPLIST_KEY_UISupportedInterfaceOrientations_iPhone = "UIInterfaceOrientationPortrait UIInterfaceOrientationLandscapeLeft UIInterfaceOrientationLandscapeRight";
				LD_RUNPATH_SEARCH_PATHS = (
					"$(inherited)",
					"@executable_path/Frameworks",
				);
				MARKETING_VERSION = 1.0;
				PRODUCT_BUNDLE_IDENTIFIER = com.leandrinux.mediabase;
				PRODUCT_NAME = "$(TARGET_NAME)";
				SWIFT_EMIT_LOC_STRINGS = YES;
				SWIFT_VERSION = 5.0;
				TARGETED_DEVICE_FAMILY = "1,2";
			};
			name = Debug;
		};
		8377B38B2C81014900B733BA /* Release */ = {
			isa = XCBuildConfiguration;
			buildSettings = {
				ASSETCATALOG_COMPILER_APPICON_NAME = AppIcon;
				ASSETCATALOG_COMPILER_GLOBAL_ACCENT_COLOR_NAME = AccentColor;
				CODE_SIGN_STYLE = Automatic;
				CURRENT_PROJECT_VERSION = 1;
				DEVELOPMENT_ASSET_PATHS = "\"mediabase/Preview Content\"";
				DEVELOPMENT_TEAM = XMMLGH5VMA;
				ENABLE_PREVIEWS = YES;
				GENERATE_INFOPLIST_FILE = YES;
				INFOPLIST_FILE = mediabase/Info.plist;
				INFOPLIST_KEY_UIApplicationSceneManifest_Generation = YES;
				INFOPLIST_KEY_UIApplicationSupportsIndirectInputEvents = YES;
				INFOPLIST_KEY_UILaunchScreen_Generation = YES;
				INFOPLIST_KEY_UISupportedInterfaceOrientations_iPad = "UIInterfaceOrientationPortrait UIInterfaceOrientationPortraitUpsideDown UIInterfaceOrientationLandscapeLeft UIInterfaceOrientationLandscapeRight";
				INFOPLIST_KEY_UISupportedInterfaceOrientations_iPhone = "UIInterfaceOrientationPortrait UIInterfaceOrientationLandscapeLeft UIInterfaceOrientationLandscapeRight";
				LD_RUNPATH_SEARCH_PATHS = (
					"$(inherited)",
					"@executable_path/Frameworks",
				);
				MARKETING_VERSION = 1.0;
				PRODUCT_BUNDLE_IDENTIFIER = com.leandrinux.mediabase;
				PRODUCT_NAME = "$(TARGET_NAME)";
				SWIFT_EMIT_LOC_STRINGS = YES;
				SWIFT_VERSION = 5.0;
				TARGETED_DEVICE_FAMILY = "1,2";
			};
			name = Release;
		};
/* End XCBuildConfiguration section */

/* Begin XCConfigurationList section */
		8377B3762C81014800B733BA /* Build configuration list for PBXProject "mediabase" */ = {
			isa = XCConfigurationList;
			buildConfigurations = (
				8377B3872C81014900B733BA /* Debug */,
				8377B3882C81014900B733BA /* Release */,
			);
			defaultConfigurationIsVisible = 0;
			defaultConfigurationName = Release;
		};
		8377B3892C81014900B733BA /* Build configuration list for PBXNativeTarget "mediabase" */ = {
			isa = XCConfigurationList;
			buildConfigurations = (
				8377B38A2C81014900B733BA /* Debug */,
				8377B38B2C81014900B733BA /* Release */,
			);
			defaultConfigurationIsVisible = 0;
			defaultConfigurationName = Release;
		};
/* End XCConfigurationList section */

/* Begin XCRemoteSwiftPackageReference section */
		8377B38C2C8102B000B733BA /* XCRemoteSwiftPackageReference "QGrid" */ = {
			isa = XCRemoteSwiftPackageReference;
			repositoryURL = "https://github.com/Q-Mobile/QGrid";
			requirement = {
				kind = upToNextMajorVersion;
				minimumVersion = 0.1.4;
			};
		};
/* End XCRemoteSwiftPackageReference section */

/* Begin XCSwiftPackageProductDependency section */
		8377B38D2C8102B000B733BA /* QGrid */ = {
			isa = XCSwiftPackageProductDependency;
			package = 8377B38C2C8102B000B733BA /* XCRemoteSwiftPackageReference "QGrid" */;
			productName = QGrid;
		};
/* End XCSwiftPackageProductDependency section */
	};
	rootObject = 8377B3732C81014800B733BA /* Project object */;
}
